// !$*UTF8*$!
{
	archiveVersion = 1;
	classes = {
	};
	objectVersion = 46;
	objects = {

/* Begin PBXBuildFile section */
		04A9057D1CE1CAEB007323C2 /* AppDelegate.swift in Sources */ = {isa = PBXBuildFile; fileRef = 04A9057C1CE1CAEB007323C2 /* AppDelegate.swift */; };
		04A905821CE1CAEB007323C2 /* Main.storyboard in Resources */ = {isa = PBXBuildFile; fileRef = 04A905801CE1CAEB007323C2 /* Main.storyboard */; };
		04A905841CE1CAEB007323C2 /* Assets.xcassets in Resources */ = {isa = PBXBuildFile; fileRef = 04A905831CE1CAEB007323C2 /* Assets.xcassets */; };
		04A905871CE1CAEB007323C2 /* LaunchScreen.storyboard in Resources */ = {isa = PBXBuildFile; fileRef = 04A905851CE1CAEB007323C2 /* LaunchScreen.storyboard */; };
		04B0E2281CE46DEE00217956 /* HomeViewController.swift in Sources */ = {isa = PBXBuildFile; fileRef = 04B0E2261CE46DEE00217956 /* HomeViewController.swift */; };
		04B0E2291CE46DEE00217956 /* HomeViewController.xib in Resources */ = {isa = PBXBuildFile; fileRef = 04B0E2271CE46DEE00217956 /* HomeViewController.xib */; };
		04B0E22C1CE46E0100217956 /* ProductViewController.swift in Sources */ = {isa = PBXBuildFile; fileRef = 04B0E22A1CE46E0100217956 /* ProductViewController.swift */; };
		04B0E22D1CE46E0100217956 /* ProductViewController.xib in Resources */ = {isa = PBXBuildFile; fileRef = 04B0E22B1CE46E0100217956 /* ProductViewController.xib */; };
		04B0E2301CE46E4600217956 /* MyViewController.swift in Sources */ = {isa = PBXBuildFile; fileRef = 04B0E22E1CE46E4600217956 /* MyViewController.swift */; };
		04B0E2311CE46E4600217956 /* MyViewController.xib in Resources */ = {isa = PBXBuildFile; fileRef = 04B0E22F1CE46E4600217956 /* MyViewController.xib */; };
		04B0E2341CE4801F00217956 /* MyNetWork.swift in Sources */ = {isa = PBXBuildFile; fileRef = 04B0E2331CE4801E00217956 /* MyNetWork.swift */; };
		6025FB92157F284C4C8743C8 /* Pods_zpzk_shop.framework in Frameworks */ = {isa = PBXBuildFile; fileRef = AC4B2C7A19CAC9DC61B33861 /* Pods_zpzk_shop.framework */; };
/* End PBXBuildFile section */

/* Begin PBXFileReference section */
		04A905791CE1CAEB007323C2 /* zpzk_shop.app */ = {isa = PBXFileReference; explicitFileType = wrapper.application; includeInIndex = 0; path = zpzk_shop.app; sourceTree = BUILT_PRODUCTS_DIR; };
		04A9057C1CE1CAEB007323C2 /* AppDelegate.swift */ = {isa = PBXFileReference; lastKnownFileType = sourcecode.swift; path = AppDelegate.swift; sourceTree = "<group>"; };
		04A905811CE1CAEB007323C2 /* Base */ = {isa = PBXFileReference; lastKnownFileType = file.storyboard; name = Base; path = Base.lproj/Main.storyboard; sourceTree = "<group>"; };
		04A905831CE1CAEB007323C2 /* Assets.xcassets */ = {isa = PBXFileReference; lastKnownFileType = folder.assetcatalog; path = Assets.xcassets; sourceTree = "<group>"; };
		04A905861CE1CAEB007323C2 /* Base */ = {isa = PBXFileReference; lastKnownFileType = file.storyboard; name = Base; path = Base.lproj/LaunchScreen.storyboard; sourceTree = "<group>"; };
		04A905881CE1CAEB007323C2 /* Info.plist */ = {isa = PBXFileReference; lastKnownFileType = text.plist.xml; path = Info.plist; sourceTree = "<group>"; };
		04B0E2261CE46DEE00217956 /* HomeViewController.swift */ = {isa = PBXFileReference; fileEncoding = 4; lastKnownFileType = sourcecode.swift; path = HomeViewController.swift; sourceTree = "<group>"; };
		04B0E2271CE46DEE00217956 /* HomeViewController.xib */ = {isa = PBXFileReference; fileEncoding = 4; lastKnownFileType = file.xib; path = HomeViewController.xib; sourceTree = "<group>"; };
		04B0E22A1CE46E0100217956 /* ProductViewController.swift */ = {isa = PBXFileReference; fileEncoding = 4; lastKnownFileType = sourcecode.swift; path = ProductViewController.swift; sourceTree = "<group>"; };
		04B0E22B1CE46E0100217956 /* ProductViewController.xib */ = {isa = PBXFileReference; fileEncoding = 4; lastKnownFileType = file.xib; path = ProductViewController.xib; sourceTree = "<group>"; };
		04B0E22E1CE46E4600217956 /* MyViewController.swift */ = {isa = PBXFileReference; fileEncoding = 4; lastKnownFileType = sourcecode.swift; path = MyViewController.swift; sourceTree = "<group>"; };
		04B0E22F1CE46E4600217956 /* MyViewController.xib */ = {isa = PBXFileReference; fileEncoding = 4; lastKnownFileType = file.xib; path = MyViewController.xib; sourceTree = "<group>"; };
		04B0E2331CE4801E00217956 /* MyNetWork.swift */ = {isa = PBXFileReference; fileEncoding = 4; lastKnownFileType = sourcecode.swift; path = MyNetWork.swift; sourceTree = "<group>"; };
		0C189BBF295C7065BC0C8C17 /* Pods-zpzk_shop.debug.xcconfig */ = {isa = PBXFileReference; includeInIndex = 1; lastKnownFileType = text.xcconfig; name = "Pods-zpzk_shop.debug.xcconfig"; path = "Pods/Target Support Files/Pods-zpzk_shop/Pods-zpzk_shop.debug.xcconfig"; sourceTree = "<group>"; };
		48246078543F7D1BB23E53AB /* Pods-zpzk_shop.release.xcconfig */ = {isa = PBXFileReference; includeInIndex = 1; lastKnownFileType = text.xcconfig; name = "Pods-zpzk_shop.release.xcconfig"; path = "Pods/Target Support Files/Pods-zpzk_shop/Pods-zpzk_shop.release.xcconfig"; sourceTree = "<group>"; };
		AC4B2C7A19CAC9DC61B33861 /* Pods_zpzk_shop.framework */ = {isa = PBXFileReference; explicitFileType = wrapper.framework; includeInIndex = 0; path = Pods_zpzk_shop.framework; sourceTree = BUILT_PRODUCTS_DIR; };
/* End PBXFileReference section */

/* Begin PBXFrameworksBuildPhase section */
		04A905761CE1CAEB007323C2 /* Frameworks */ = {
			isa = PBXFrameworksBuildPhase;
			buildActionMask = 2147483647;
			files = (
				6025FB92157F284C4C8743C8 /* Pods_zpzk_shop.framework in Frameworks */,
			);
			runOnlyForDeploymentPostprocessing = 0;
		};
/* End PBXFrameworksBuildPhase section */

/* Begin PBXGroup section */
		04A905701CE1CAEA007323C2 = {
			isa = PBXGroup;
			children = (
				04B0E2321CE47F9E00217956 /* custom */,
				04A9057B1CE1CAEB007323C2 /* zpzk_shop */,
				04A9057A1CE1CAEB007323C2 /* Products */,
				B30E429C8967606F8601F321 /* Pods */,
				81620DF9CA464F4D18626E5B /* Frameworks */,
			);
			sourceTree = "<group>";
		};
		04A9057A1CE1CAEB007323C2 /* Products */ = {
			isa = PBXGroup;
			children = (
				04A905791CE1CAEB007323C2 /* zpzk_shop.app */,
			);
			name = Products;
			sourceTree = "<group>";
		};
		04A9057B1CE1CAEB007323C2 /* zpzk_shop */ = {
			isa = PBXGroup;
			children = (
				04A9057C1CE1CAEB007323C2 /* AppDelegate.swift */,
				04B0E2261CE46DEE00217956 /* HomeViewController.swift */,
				04B0E2271CE46DEE00217956 /* HomeViewController.xib */,
				04B0E22A1CE46E0100217956 /* ProductViewController.swift */,
				04B0E22B1CE46E0100217956 /* ProductViewController.xib */,
				04B0E22E1CE46E4600217956 /* MyViewController.swift */,
				04B0E22F1CE46E4600217956 /* MyViewController.xib */,
				04A905801CE1CAEB007323C2 /* Main.storyboard */,
				04A905831CE1CAEB007323C2 /* Assets.xcassets */,
				04A905851CE1CAEB007323C2 /* LaunchScreen.storyboard */,
				04A905881CE1CAEB007323C2 /* Info.plist */,
			);
			path = zpzk_shop;
			sourceTree = "<group>";
		};
		04B0E2321CE47F9E00217956 /* custom */ = {
			isa = PBXGroup;
			children = (
				04B0E2331CE4801E00217956 /* MyNetWork.swift */,
			);
			name = custom;
			sourceTree = "<group>";
		};
		81620DF9CA464F4D18626E5B /* Frameworks */ = {
			isa = PBXGroup;
			children = (
				AC4B2C7A19CAC9DC61B33861 /* Pods_zpzk_shop.framework */,
			);
			name = Frameworks;
			sourceTree = "<group>";
		};
		B30E429C8967606F8601F321 /* Pods */ = {
			isa = PBXGroup;
			children = (
				0C189BBF295C7065BC0C8C17 /* Pods-zpzk_shop.debug.xcconfig */,
				48246078543F7D1BB23E53AB /* Pods-zpzk_shop.release.xcconfig */,
			);
			name = Pods;
			sourceTree = "<group>";
		};
/* End PBXGroup section */

/* Begin PBXNativeTarget section */
		04A905781CE1CAEB007323C2 /* zpzk_shop */ = {
			isa = PBXNativeTarget;
			buildConfigurationList = 04A9058B1CE1CAEB007323C2 /* Build configuration list for PBXNativeTarget "zpzk_shop" */;
			buildPhases = (
				5AC963ABD8E7CFB9DB0F0B14 /* 📦 Check Pods Manifest.lock */,
				04A905751CE1CAEB007323C2 /* Sources */,
				04A905761CE1CAEB007323C2 /* Frameworks */,
				04A905771CE1CAEB007323C2 /* Resources */,
				D3001ACDBFCB5C7DCE9E0D77 /* 📦 Embed Pods Frameworks */,
				9098C67FA2154D0E21F04150 /* 📦 Copy Pods Resources */,
			);
			buildRules = (
			);
			dependencies = (
			);
			name = zpzk_shop;
			productName = zpzk_shop;
			productReference = 04A905791CE1CAEB007323C2 /* zpzk_shop.app */;
			productType = "com.apple.product-type.application";
		};
/* End PBXNativeTarget section */

/* Begin PBXProject section */
		04A905711CE1CAEB007323C2 /* Project object */ = {
			isa = PBXProject;
			attributes = {
				LastSwiftUpdateCheck = 0720;
				LastUpgradeCheck = 0720;
				ORGANIZATIONNAME = Qingke;
				TargetAttributes = {
					04A905781CE1CAEB007323C2 = {
						CreatedOnToolsVersion = 7.2.1;
					};
				};
			};
			buildConfigurationList = 04A905741CE1CAEB007323C2 /* Build configuration list for PBXProject "zpzk_shop" */;
			compatibilityVersion = "Xcode 3.2";
			developmentRegion = English;
			hasScannedForEncodings = 0;
			knownRegions = (
				en,
				Base,
			);
			mainGroup = 04A905701CE1CAEA007323C2;
			productRefGroup = 04A9057A1CE1CAEB007323C2 /* Products */;
			projectDirPath = "";
			projectRoot = "";
			targets = (
				04A905781CE1CAEB007323C2 /* zpzk_shop */,
			);
		};
/* End PBXProject section */

/* Begin PBXResourcesBuildPhase section */
		04A905771CE1CAEB007323C2 /* Resources */ = {
			isa = PBXResourcesBuildPhase;
			buildActionMask = 2147483647;
			files = (
				04A905871CE1CAEB007323C2 /* LaunchScreen.storyboard in Resources */,
				04A905841CE1CAEB007323C2 /* Assets.xcassets in Resources */,
				04B0E2311CE46E4600217956 /* MyViewController.xib in Resources */,
				04A905821CE1CAEB007323C2 /* Main.storyboard in Resources */,
				04B0E2291CE46DEE00217956 /* HomeViewController.xib in Resources */,
				04B0E22D1CE46E0100217956 /* ProductViewController.xib in Resources */,
			);
			runOnlyForDeploymentPostprocessing = 0;
		};
/* End PBXResourcesBuildPhase section */

/* Begin PBXShellScriptBuildPhase section */
		5AC963ABD8E7CFB9DB0F0B14 /* 📦 Check Pods Manifest.lock */ = {
			isa = PBXShellScriptBuildPhase;
			buildActionMask = 2147483647;
			files = (
			);
			inputPaths = (
			);
			name = "📦 Check Pods Manifest.lock";
			outputPaths = (
			);
			runOnlyForDeploymentPostprocessing = 0;
			shellPath = /bin/sh;
			shellScript = "diff \"${PODS_ROOT}/../Podfile.lock\" \"${PODS_ROOT}/Manifest.lock\" > /dev/null\nif [[ $? != 0 ]] ; then\n    cat << EOM\nerror: The sandbox is not in sync with the Podfile.lock. Run 'pod install' or update your CocoaPods installation.\nEOM\n    exit 1\nfi\n";
			showEnvVarsInLog = 0;
		};
		9098C67FA2154D0E21F04150 /* 📦 Copy Pods Resources */ = {
			isa = PBXShellScriptBuildPhase;
			buildActionMask = 2147483647;
			files = (
			);
			inputPaths = (
			);
			name = "📦 Copy Pods Resources";
			outputPaths = (
			);
			runOnlyForDeploymentPostprocessing = 0;
			shellPath = /bin/sh;
			shellScript = "\"${SRCROOT}/Pods/Target Support Files/Pods-zpzk_shop/Pods-zpzk_shop-resources.sh\"\n";
			showEnvVarsInLog = 0;
		};
		D3001ACDBFCB5C7DCE9E0D77 /* 📦 Embed Pods Frameworks */ = {
			isa = PBXShellScriptBuildPhase;
			buildActionMask = 2147483647;
			files = (
			);
			inputPaths = (
			);
			name = "📦 Embed Pods Frameworks";
			outputPaths = (
			);
			runOnlyForDeploymentPostprocessing = 0;
			shellPath = /bin/sh;
			shellScript = "\"${SRCROOT}/Pods/Target Support Files/Pods-zpzk_shop/Pods-zpzk_shop-frameworks.sh\"\n";
			showEnvVarsInLog = 0;
		};
/* End PBXShellScriptBuildPhase section */

/* Begin PBXSourcesBuildPhase section */
		04A905751CE1CAEB007323C2 /* Sources */ = {
			isa = PBXSourcesBuildPhase;
			buildActionMask = 2147483647;
			files = (
				04A9057D1CE1CAEB007323C2 /* AppDelegate.swift in Sources */,
				04B0E2341CE4801F00217956 /* MyNetWork.swift in Sources */,
				04B0E22C1CE46E0100217956 /* ProductViewController.swift in Sources */,
				04B0E2301CE46E4600217956 /* MyViewController.swift in Sources */,
				04B0E2281CE46DEE00217956 /* HomeViewController.swift in Sources */,
			);
			runOnlyForDeploymentPostprocessing = 0;
		};
/* End PBXSourcesBuildPhase section */

/* Begin PBXVariantGroup section */
		04A905801CE1CAEB007323C2 /* Main.storyboard */ = {
			isa = PBXVariantGroup;
			children = (
				04A905811CE1CAEB007323C2 /* Base */,
			);
			name = Main.storyboard;
			sourceTree = "<group>";
		};
		04A905851CE1CAEB007323C2 /* LaunchScreen.storyboard */ = {
			isa = PBXVariantGroup;
			children = (
				04A905861CE1CAEB007323C2 /* Base */,
			);
			name = LaunchScreen.storyboard;
			sourceTree = "<group>";
		};
/* End PBXVariantGroup section */

/* Begin XCBuildConfiguration section */
		04A905891CE1CAEB007323C2 /* Debug */ = {
			isa = XCBuildConfiguration;
			buildSettings = {
				ALWAYS_SEARCH_USER_PATHS = NO;
				CLANG_CXX_LANGUAGE_STANDARD = "gnu++0x";
				CLANG_CXX_LIBRARY = "libc++";
				CLANG_ENABLE_MODULES = YES;
				CLANG_ENABLE_OBJC_ARC = YES;
				CLANG_WARN_BOOL_CONVERSION = YES;
				CLANG_WARN_CONSTANT_CONVERSION = YES;
				CLANG_WARN_DIRECT_OBJC_ISA_USAGE = YES_ERROR;
				CLANG_WARN_EMPTY_BODY = YES;
				CLANG_WARN_ENUM_CONVERSION = YES;
				CLANG_WARN_INT_CONVERSION = YES;
				CLANG_WARN_OBJC_ROOT_CLASS = YES_ERROR;
				CLANG_WARN_UNREACHABLE_CODE = YES;
				CLANG_WARN__DUPLICATE_METHOD_MATCH = YES;
				"CODE_SIGN_IDENTITY[sdk=iphoneos*]" = "iPhone Developer";
				COPY_PHASE_STRIP = NO;
				DEBUG_INFORMATION_FORMAT = dwarf;
				ENABLE_STRICT_OBJC_MSGSEND = YES;
				ENABLE_TESTABILITY = YES;
				GCC_C_LANGUAGE_STANDARD = gnu99;
				GCC_DYNAMIC_NO_PIC = NO;
				GCC_NO_COMMON_BLOCKS = YES;
				GCC_OPTIMIZATION_LEVEL = 0;
				GCC_PREPROCESSOR_DEFINITIONS = (
					"DEBUG=1",
					"$(inherited)",
				);
				GCC_WARN_64_TO_32_BIT_CONVERSION = YES;
				GCC_WARN_ABOUT_RETURN_TYPE = YES_ERROR;
				GCC_WARN_UNDECLARED_SELECTOR = YES;
				GCC_WARN_UNINITIALIZED_AUTOS = YES_AGGRESSIVE;
				GCC_WARN_UNUSED_FUNCTION = YES;
				GCC_WARN_UNUSED_VARIABLE = YES;
				IPHONEOS_DEPLOYMENT_TARGET = 9.2;
				MTL_ENABLE_DEBUG_INFO = YES;
				ONLY_ACTIVE_ARCH = YES;
				SDKROOT = iphoneos;
				SWIFT_OPTIMIZATION_LEVEL = "-Onone";
			};
			name = Debug;
		};
		04A9058A1CE1CAEB007323C2 /* Release */ = {
			isa = XCBuildConfiguration;
			buildSettings = {
				ALWAYS_SEARCH_USER_PATHS = NO;
				CLANG_CXX_LANGUAGE_STANDARD = "gnu++0x";
				CLANG_CXX_LIBRARY = "libc++";
				CLANG_ENABLE_MODULES = YES;
				CLANG_ENABLE_OBJC_ARC = YES;
				CLANG_WARN_BOOL_CONVERSION = YES;
				CLANG_WARN_CONSTANT_CONVERSION = YES;
				CLANG_WARN_DIRECT_OBJC_ISA_USAGE = YES_ERROR;
				CLANG_WARN_EMPTY_BODY = YES;
				CLANG_WARN_ENUM_CONVERSION = YES;
				CLANG_WARN_INT_CONVERSION = YES;
				CLANG_WARN_OBJC_ROOT_CLASS = YES_ERROR;
				CLANG_WARN_UNREACHABLE_CODE = YES;
				CLANG_WARN__DUPLICATE_METHOD_MATCH = YES;
				"CODE_SIGN_IDENTITY[sdk=iphoneos*]" = "iPhone Developer";
				COPY_PHASE_STRIP = NO;
				DEBUG_INFORMATION_FORMAT = "dwarf-with-dsym";
				ENABLE_NS_ASSERTIONS = NO;
				ENABLE_STRICT_OBJC_MSGSEND = YES;
				GCC_C_LANGUAGE_STANDARD = gnu99;
				GCC_NO_COMMON_BLOCKS = YES;
				GCC_WARN_64_TO_32_BIT_CONVERSION = YES;
				GCC_WARN_ABOUT_RETURN_TYPE = YES_ERROR;
				GCC_WARN_UNDECLARED_SELECTOR = YES;
				GCC_WARN_UNINITIALIZED_AUTOS = YES_AGGRESSIVE;
				GCC_WARN_UNUSED_FUNCTION = YES;
				GCC_WARN_UNUSED_VARIABLE = YES;
				IPHONEOS_DEPLOYMENT_TARGET = 9.2;
				MTL_ENABLE_DEBUG_INFO = NO;
				SDKROOT = iphoneos;
				VALIDATE_PRODUCT = YES;
			};
			name = Release;
		};
		04A9058C1CE1CAEB007323C2 /* Debug */ = {
			isa = XCBuildConfiguration;
			baseConfigurationReference = 0C189BBF295C7065BC0C8C17 /* Pods-zpzk_shop.debug.xcconfig */;
			buildSettings = {
				ASSETCATALOG_COMPILER_APPICON_NAME = AppIcon;
				INFOPLIST_FILE = zpzk_shop/Info.plist;
				LD_RUNPATH_SEARCH_PATHS = "$(inherited) @executable_path/Frameworks";
				PRODUCT_BUNDLE_IDENTIFIER = "com.Qingke.zpzk-shop";
				PRODUCT_NAME = "$(TARGET_NAME)";
			};
			name = Debug;
		};
		04A9058D1CE1CAEB007323C2 /* Release */ = {
			isa = XCBuildConfiguration;
			baseConfigurationReference = 48246078543F7D1BB23E53AB /* Pods-zpzk_shop.release.xcconfig */;
			buildSettings = {
				ASSETCATALOG_COMPILER_APPICON_NAME = AppIcon;
				INFOPLIST_FILE = zpzk_shop/Info.plist;
				LD_RUNPATH_SEARCH_PATHS = "$(inherited) @executable_path/Frameworks";
				PRODUCT_BUNDLE_IDENTIFIER = "com.Qingke.zpzk-shop";
				PRODUCT_NAME = "$(TARGET_NAME)";
			};
			name = Release;
		};
/* End XCBuildConfiguration section */

/* Begin XCConfigurationList section */
		04A905741CE1CAEB007323C2 /* Build configuration list for PBXProject "zpzk_shop" */ = {
			isa = XCConfigurationList;
			buildConfigurations = (
				04A905891CE1CAEB007323C2 /* Debug */,
				04A9058A1CE1CAEB007323C2 /* Release */,
			);
			defaultConfigurationIsVisible = 0;
			defaultConfigurationName = Release;
		};
		04A9058B1CE1CAEB007323C2 /* Build configuration list for PBXNativeTarget "zpzk_shop" */ = {
			isa = XCConfigurationList;
			buildConfigurations = (
				04A9058C1CE1CAEB007323C2 /* Debug */,
				04A9058D1CE1CAEB007323C2 /* Release */,
			);
			defaultConfigurationIsVisible = 0;
			defaultConfigurationName = Release;
		};
/* End XCConfigurationList section */
	};
	rootObject = 04A905711CE1CAEB007323C2 /* Project object */;
}
